
Microsoft Visual Studio Solution File, Format Version 12.00
# Visual Studio Version 17
VisualStudioVersion = 17.9.34728.123
MinimumVisualStudioVersion = 10.0.40219.1
Project("{9A19103F-16F7-4668-BE54-9A1E7A4F7556}") = "EmailService", "EmailService\EmailService.csproj", "{7D22AB5A-2A11-4CBE-9988-F37BA19DE804}"
	ProjectSection(ProjectDependencies) = postProject
		{8AA4322C-8EDA-4734-BF1C-ABD598495425} = {8AA4322C-8EDA-4734-BF1C-ABD598495425}
	EndProjectSection
EndProject
Project("{9A19103F-16F7-4668-BE54-9A1E7A4F7556}") = "CommonShared", "..\CommonShared\CommonShared\CommonShared.csproj", "{8AA4322C-8EDA-4734-BF1C-ABD598495425}"
EndProject
Global
	GlobalSection(SolutionConfigurationPlatforms) = preSolution
		Debug|Any CPU = Debug|Any CPU
		Release|Any CPU = Release|Any CPU
	EndGlobalSection
	GlobalSection(ProjectConfigurationPlatforms) = postSolution
		{7D22AB5A-2A11-4CBE-9988-F37BA19DE804}.Debug|Any CPU.ActiveCfg = Debug|Any CPU
		{7D22AB5A-2A11-4CBE-9988-F37BA19DE804}.Debug|Any CPU.Build.0 = Debug|Any CPU
		{7D22AB5A-2A11-4CBE-9988-F37BA19DE804}.Release|Any CPU.ActiveCfg = Release|Any CPU
		{7D22AB5A-2A11-4CBE-9988-F37BA19DE804}.Release|Any CPU.Build.0 = Release|Any CPU
		{8AA4322C-8EDA-4734-BF1C-ABD598495425}.Debug|Any CPU.ActiveCfg = Debug|Any CPU
		{8AA4322C-8EDA-4734-BF1C-ABD598495425}.Debug|Any CPU.Build.0 = Debug|Any CPU
		{8AA4322C-8EDA-4734-BF1C-ABD598495425}.Release|Any CPU.ActiveCfg = Release|Any CPU
		{8AA4322C-8EDA-4734-BF1C-ABD598495425}.Release|Any CPU.Build.0 = Release|Any CPU
	EndGlobalSection
	GlobalSection(SolutionProperties) = preSolution
		HideSolutionNode = FALSE
	EndGlobalSection
	GlobalSection(ExtensibilityGlobals) = postSolution
		SolutionGuid = {971A67AC-BB16-491C-95C9-1D3FFB10D2E8}
	EndGlobalSection
EndGlobal
